// !$*UTF8*$!
{
	archiveVersion = 1;
	classes = {
	};
	objectVersion = 50;
	objects = {

/* Begin PBXBuildFile section */
		AA7DDBF52182377E006E1EC0 /* Assets.xcassets in Resources */ = {isa = PBXBuildFile; fileRef = AA7DDBF42182377E006E1EC0 /* Assets.xcassets */; };
		AA7DDC0B21823A61006E1EC0 /* OpenGL.framework in Frameworks */ = {isa = PBXBuildFile; fileRef = AA7DDC0A21823A61006E1EC0 /* OpenGL.framework */; };
		AA7DDC0D21823ABB006E1EC0 /* SDL2.framework in Frameworks */ = {isa = PBXBuildFile; fileRef = AA7DDC0721823A24006E1EC0 /* SDL2.framework */; };
		AA7DDC0F21823B4F006E1EC0 /* SDL2.framework in CopyFiles */ = {isa = PBXBuildFile; fileRef = AA7DDC0721823A24006E1EC0 /* SDL2.framework */; settings = {ATTRIBUTES = (CodeSignOnCopy, RemoveHeadersOnCopy, ); }; };
		AA7DDC1B21825D52006E1EC0 /* Vector2.cpp in Sources */ = {isa = PBXBuildFile; fileRef = AA7DDC1A21825D52006E1EC0 /* Vector2.cpp */; };
		AA7DDC1D218263EB006E1EC0 /* main.mm in Sources */ = {isa = PBXBuildFile; fileRef = AA7DDC1C218263EB006E1EC0 /* main.mm */; };
		AA7DDC2C21838653006E1EC0 /* Video.cpp in Sources */ = {isa = PBXBuildFile; fileRef = AA7DDC2A21838653006E1EC0 /* Video.cpp */; };
		AA7DDC3021838738006E1EC0 /* SDLVideo.cpp in Sources */ = {isa = PBXBuildFile; fileRef = AA7DDC2F21838738006E1EC0 /* SDLVideo.cpp */; };
		AA7DDC3421838BE3006E1EC0 /* GLVideo.cpp in Sources */ = {isa = PBXBuildFile; fileRef = AA7DDC3321838BE3006E1EC0 /* GLVideo.cpp */; };
		AA7DDC3821839FA2006E1EC0 /* Vector3.cpp in Sources */ = {isa = PBXBuildFile; fileRef = AA7DDC3721839FA2006E1EC0 /* Vector3.cpp */; };
		AA7DDC3B2183C89F006E1EC0 /* Vector4.cpp in Sources */ = {isa = PBXBuildFile; fileRef = AA7DDC3A2183C89F006E1EC0 /* Vector4.cpp */; };
		AA7DDC3E21875815006E1EC0 /* Color.cpp in Sources */ = {isa = PBXBuildFile; fileRef = AA7DDC3D21875815006E1EC0 /* Color.cpp */; };
		AA7DDC4121877900006E1EC0 /* PolygonRenderer.cpp in Sources */ = {isa = PBXBuildFile; fileRef = AA7DDC4021877900006E1EC0 /* PolygonRenderer.cpp */; };
		AA7DDC4421877BFC006E1EC0 /* GLPolygonRenderer.cpp in Sources */ = {isa = PBXBuildFile; fileRef = AA7DDC4321877BFC006E1EC0 /* GLPolygonRenderer.cpp */; };
		AA7DDC472187B572006E1EC0 /* Shader.cpp in Sources */ = {isa = PBXBuildFile; fileRef = AA7DDC452187B571006E1EC0 /* Shader.cpp */; };
		AA7DDC4A2187B760006E1EC0 /* GLShader.cpp in Sources */ = {isa = PBXBuildFile; fileRef = AA7DDC482187B760006E1EC0 /* GLShader.cpp */; };
/* End PBXBuildFile section */

/* Begin PBXCopyFilesBuildPhase section */
		AA7DDC0E21823B43006E1EC0 /* CopyFiles */ = {
			isa = PBXCopyFilesBuildPhase;
			buildActionMask = 2147483647;
			dstPath = "";
			dstSubfolderSpec = 10;
			files = (
				AA7DDC0F21823B4F006E1EC0 /* SDL2.framework in CopyFiles */,
			);
			runOnlyForDeploymentPostprocessing = 0;
		};
/* End PBXCopyFilesBuildPhase section */

/* Begin PBXFileReference section */
		AA7DDBEE2182377D006E1EC0 /* Sprite.app */ = {isa = PBXFileReference; explicitFileType = wrapper.application; includeInIndex = 0; path = Sprite.app; sourceTree = BUILT_PRODUCTS_DIR; };
		AA7DDBF42182377E006E1EC0 /* Assets.xcassets */ = {isa = PBXFileReference; lastKnownFileType = folder.assetcatalog; path = Assets.xcassets; sourceTree = "<group>"; };
		AA7DDBF92182377E006E1EC0 /* Info.plist */ = {isa = PBXFileReference; lastKnownFileType = text.plist.xml; path = Info.plist; sourceTree = "<group>"; };
		AA7DDBFC2182377E006E1EC0 /* Sprite.entitlements */ = {isa = PBXFileReference; lastKnownFileType = text.plist.entitlements; path = Sprite.entitlements; sourceTree = "<group>"; };
		AA7DDC0721823A24006E1EC0 /* SDL2.framework */ = {isa = PBXFileReference; lastKnownFileType = wrapper.framework; path = SDL2.framework; sourceTree = "<group>"; };
		AA7DDC0A21823A61006E1EC0 /* OpenGL.framework */ = {isa = PBXFileReference; lastKnownFileType = wrapper.framework; name = OpenGL.framework; path = System/Library/Frameworks/OpenGL.framework; sourceTree = SDKROOT; };
		AA7DDC1921825D52006E1EC0 /* Vector2.h */ = {isa = PBXFileReference; fileEncoding = 4; lastKnownFileType = sourcecode.c.h; name = Vector2.h; path = ../../../../src/math/Vector2.h; sourceTree = "<group>"; };
		AA7DDC1A21825D52006E1EC0 /* Vector2.cpp */ = {isa = PBXFileReference; fileEncoding = 4; lastKnownFileType = sourcecode.cpp.cpp; name = Vector2.cpp; path = ../../../../src/math/Vector2.cpp; sourceTree = "<group>"; };
		AA7DDC1C218263EB006E1EC0 /* main.mm */ = {isa = PBXFileReference; fileEncoding = 4; lastKnownFileType = sourcecode.cpp.objcpp; name = main.mm; path = ../../../../../src/platform/macos/main.mm; sourceTree = "<group>"; };
		AA7DDC2A21838653006E1EC0 /* Video.cpp */ = {isa = PBXFileReference; fileEncoding = 4; lastKnownFileType = sourcecode.cpp.cpp; name = Video.cpp; path = ../../../src/video/Video.cpp; sourceTree = "<group>"; };
		AA7DDC2B21838653006E1EC0 /* Video.h */ = {isa = PBXFileReference; fileEncoding = 4; lastKnownFileType = sourcecode.c.h; name = Video.h; path = ../../../src/video/Video.h; sourceTree = "<group>"; };
		AA7DDC2E21838738006E1EC0 /* SDLVideo.h */ = {isa = PBXFileReference; fileEncoding = 4; lastKnownFileType = sourcecode.c.h; name = SDLVideo.h; path = ../../../../src/video/sdl/SDLVideo.h; sourceTree = "<group>"; };
		AA7DDC2F21838738006E1EC0 /* SDLVideo.cpp */ = {isa = PBXFileReference; fileEncoding = 4; lastKnownFileType = sourcecode.cpp.cpp; name = SDLVideo.cpp; path = ../../../../src/video/sdl/SDLVideo.cpp; sourceTree = "<group>"; };
		AA7DDC3221838BE3006E1EC0 /* GLVideo.h */ = {isa = PBXFileReference; fileEncoding = 4; lastKnownFileType = sourcecode.c.h; name = GLVideo.h; path = ../../../src/video/gl/GLVideo.h; sourceTree = "<group>"; };
		AA7DDC3321838BE3006E1EC0 /* GLVideo.cpp */ = {isa = PBXFileReference; fileEncoding = 4; lastKnownFileType = sourcecode.cpp.cpp; name = GLVideo.cpp; path = ../../../src/video/gl/GLVideo.cpp; sourceTree = "<group>"; };
		AA7DDC35218391AF006E1EC0 /* GLInclude.h */ = {isa = PBXFileReference; lastKnownFileType = sourcecode.c.h; name = GLInclude.h; path = ../../../src/video/gl/GLInclude.h; sourceTree = "<group>"; };
		AA7DDC3621839FA2006E1EC0 /* Vector3.h */ = {isa = PBXFileReference; fileEncoding = 4; lastKnownFileType = sourcecode.c.h; name = Vector3.h; path = ../../../../src/math/Vector3.h; sourceTree = "<group>"; };
		AA7DDC3721839FA2006E1EC0 /* Vector3.cpp */ = {isa = PBXFileReference; fileEncoding = 4; lastKnownFileType = sourcecode.cpp.cpp; name = Vector3.cpp; path = ../../../../src/math/Vector3.cpp; sourceTree = "<group>"; };
		AA7DDC392183C89F006E1EC0 /* Vector4.h */ = {isa = PBXFileReference; fileEncoding = 4; lastKnownFileType = sourcecode.c.h; name = Vector4.h; path = ../../../../src/math/Vector4.h; sourceTree = "<group>"; };
		AA7DDC3A2183C89F006E1EC0 /* Vector4.cpp */ = {isa = PBXFileReference; fileEncoding = 4; lastKnownFileType = sourcecode.cpp.cpp; name = Vector4.cpp; path = ../../../../src/math/Vector4.cpp; sourceTree = "<group>"; };
		AA7DDC3C21875814006E1EC0 /* Color.h */ = {isa = PBXFileReference; fileEncoding = 4; lastKnownFileType = sourcecode.c.h; name = Color.h; path = ../../../../src/math/Color.h; sourceTree = "<group>"; };
		AA7DDC3D21875815006E1EC0 /* Color.cpp */ = {isa = PBXFileReference; fileEncoding = 4; lastKnownFileType = sourcecode.cpp.cpp; name = Color.cpp; path = ../../../../src/math/Color.cpp; sourceTree = "<group>"; };
		AA7DDC3F218778FF006E1EC0 /* PolygonRenderer.h */ = {isa = PBXFileReference; fileEncoding = 4; lastKnownFileType = sourcecode.c.h; name = PolygonRenderer.h; path = ../../../src/video/PolygonRenderer.h; sourceTree = "<group>"; };
		AA7DDC4021877900006E1EC0 /* PolygonRenderer.cpp */ = {isa = PBXFileReference; fileEncoding = 4; lastKnownFileType = sourcecode.cpp.cpp; name = PolygonRenderer.cpp; path = ../../../src/video/PolygonRenderer.cpp; sourceTree = "<group>"; };
		AA7DDC4221877BFC006E1EC0 /* GLPolygonRenderer.h */ = {isa = PBXFileReference; fileEncoding = 4; lastKnownFileType = sourcecode.c.h; name = GLPolygonRenderer.h; path = ../../../src/video/gl/GLPolygonRenderer.h; sourceTree = "<group>"; };
		AA7DDC4321877BFC006E1EC0 /* GLPolygonRenderer.cpp */ = {isa = PBXFileReference; fileEncoding = 4; lastKnownFileType = sourcecode.cpp.cpp; name = GLPolygonRenderer.cpp; path = ../../../src/video/gl/GLPolygonRenderer.cpp; sourceTree = "<group>"; };
		AA7DDC452187B571006E1EC0 /* Shader.cpp */ = {isa = PBXFileReference; fileEncoding = 4; lastKnownFileType = sourcecode.cpp.cpp; name = Shader.cpp; path = ../../../src/video/Shader.cpp; sourceTree = "<group>"; };
		AA7DDC462187B571006E1EC0 /* Shader.h */ = {isa = PBXFileReference; fileEncoding = 4; lastKnownFileType = sourcecode.c.h; name = Shader.h; path = ../../../src/video/Shader.h; sourceTree = "<group>"; };
		AA7DDC482187B760006E1EC0 /* GLShader.cpp */ = {isa = PBXFileReference; fileEncoding = 4; lastKnownFileType = sourcecode.cpp.cpp; name = GLShader.cpp; path = ../../../src/video/gl/GLShader.cpp; sourceTree = "<group>"; };
		AA7DDC492187B760006E1EC0 /* GLShader.h */ = {isa = PBXFileReference; fileEncoding = 4; lastKnownFileType = sourcecode.c.h; name = GLShader.h; path = ../../../src/video/gl/GLShader.h; sourceTree = "<group>"; };
/* End PBXFileReference section */

/* Begin PBXFrameworksBuildPhase section */
		AA7DDBEB2182377D006E1EC0 /* Frameworks */ = {
			isa = PBXFrameworksBuildPhase;
			buildActionMask = 2147483647;
			files = (
				AA7DDC0D21823ABB006E1EC0 /* SDL2.framework in Frameworks */,
				AA7DDC0B21823A61006E1EC0 /* OpenGL.framework in Frameworks */,
			);
			runOnlyForDeploymentPostprocessing = 0;
		};
/* End PBXFrameworksBuildPhase section */

/* Begin PBXGroup section */
		AA7DDBE52182377D006E1EC0 = {
			isa = PBXGroup;
			children = (
				AA7DDC1021825C5D006E1EC0 /* Platform */,
				AA7DDC2921838645006E1EC0 /* Video */,
				AA7DDC1821825D45006E1EC0 /* Math */,
				AA7DDC0721823A24006E1EC0 /* SDL2.framework */,
				AA7DDBF02182377D006E1EC0 /* Sprite */,
				AA7DDBEF2182377D006E1EC0 /* Products */,
				AA7DDC0921823A61006E1EC0 /* Frameworks */,
			);
			sourceTree = "<group>";
		};
		AA7DDBEF2182377D006E1EC0 /* Products */ = {
			isa = PBXGroup;
			children = (
				AA7DDBEE2182377D006E1EC0 /* Sprite.app */,
			);
			name = Products;
			sourceTree = "<group>";
		};
		AA7DDBF02182377D006E1EC0 /* Sprite */ = {
			isa = PBXGroup;
			children = (
				AA7DDBF42182377E006E1EC0 /* Assets.xcassets */,
				AA7DDBF92182377E006E1EC0 /* Info.plist */,
				AA7DDBFC2182377E006E1EC0 /* Sprite.entitlements */,
			);
			path = Sprite;
			sourceTree = "<group>";
		};
		AA7DDC0921823A61006E1EC0 /* Frameworks */ = {
			isa = PBXGroup;
			children = (
				AA7DDC0A21823A61006E1EC0 /* OpenGL.framework */,
			);
			name = Frameworks;
			sourceTree = "<group>";
		};
		AA7DDC1021825C5D006E1EC0 /* Platform */ = {
			isa = PBXGroup;
			children = (
				AA7DDC1121825C97006E1EC0 /* macOS */,
			);
			path = Platform;
			sourceTree = "<group>";
		};
		AA7DDC1121825C97006E1EC0 /* macOS */ = {
			isa = PBXGroup;
			children = (
				AA7DDC1C218263EB006E1EC0 /* main.mm */,
			);
			path = macOS;
			sourceTree = "<group>";
		};
		AA7DDC1821825D45006E1EC0 /* Math */ = {
			isa = PBXGroup;
			children = (
				AA7DDC1A21825D52006E1EC0 /* Vector2.cpp */,
				AA7DDC1921825D52006E1EC0 /* Vector2.h */,
				AA7DDC3721839FA2006E1EC0 /* Vector3.cpp */,
				AA7DDC3621839FA2006E1EC0 /* Vector3.h */,
				AA7DDC3A2183C89F006E1EC0 /* Vector4.cpp */,
				AA7DDC392183C89F006E1EC0 /* Vector4.h */,
				AA7DDC3D21875815006E1EC0 /* Color.cpp */,
				AA7DDC3C21875814006E1EC0 /* Color.h */,
			);
			path = Math;
			sourceTree = "<group>";
		};
		AA7DDC2921838645006E1EC0 /* Video */ = {
			isa = PBXGroup;
			children = (
				AA7DDC2A21838653006E1EC0 /* Video.cpp */,
				AA7DDC2B21838653006E1EC0 /* Video.h */,
				AA7DDC452187B571006E1EC0 /* Shader.cpp */,
				AA7DDC462187B571006E1EC0 /* Shader.h */,
				AA7DDC4021877900006E1EC0 /* PolygonRenderer.cpp */,
				AA7DDC3F218778FF006E1EC0 /* PolygonRenderer.h */,
				AA7DDC2D2183872A006E1EC0 /* SDL */,
				AA7DDC3121838962006E1EC0 /* GL */,
			);
			name = Video;
			sourceTree = "<group>";
		};
		AA7DDC2D2183872A006E1EC0 /* SDL */ = {
			isa = PBXGroup;
			children = (
				AA7DDC2F21838738006E1EC0 /* SDLVideo.cpp */,
				AA7DDC2E21838738006E1EC0 /* SDLVideo.h */,
			);
			path = SDL;
			sourceTree = "<group>";
		};
		AA7DDC3121838962006E1EC0 /* GL */ = {
			isa = PBXGroup;
			children = (
				AA7DDC35218391AF006E1EC0 /* GLInclude.h */,
				AA7DDC3321838BE3006E1EC0 /* GLVideo.cpp */,
				AA7DDC3221838BE3006E1EC0 /* GLVideo.h */,
				AA7DDC482187B760006E1EC0 /* GLShader.cpp */,
				AA7DDC492187B760006E1EC0 /* GLShader.h */,
				AA7DDC4321877BFC006E1EC0 /* GLPolygonRenderer.cpp */,
				AA7DDC4221877BFC006E1EC0 /* GLPolygonRenderer.h */,
			);
			name = GL;
			sourceTree = "<group>";
		};
/* End PBXGroup section */

/* Begin PBXNativeTarget section */
		AA7DDBED2182377D006E1EC0 /* Sprite */ = {
			isa = PBXNativeTarget;
			buildConfigurationList = AA7DDBFF2182377E006E1EC0 /* Build configuration list for PBXNativeTarget "Sprite" */;
			buildPhases = (
				AA7DDBEA2182377D006E1EC0 /* Sources */,
				AA7DDBEB2182377D006E1EC0 /* Frameworks */,
				AA7DDBEC2182377D006E1EC0 /* Resources */,
				AA7DDC0E21823B43006E1EC0 /* CopyFiles */,
			);
			buildRules = (
			);
			dependencies = (
			);
			name = Sprite;
			productName = Sprite;
			productReference = AA7DDBEE2182377D006E1EC0 /* Sprite.app */;
			productType = "com.apple.product-type.application";
		};
/* End PBXNativeTarget section */

/* Begin PBXProject section */
		AA7DDBE62182377D006E1EC0 /* Project object */ = {
			isa = PBXProject;
			attributes = {
				LastUpgradeCheck = 1000;
				ORGANIZATIONNAME = "Asantee Games";
				TargetAttributes = {
					AA7DDBED2182377D006E1EC0 = {
						CreatedOnToolsVersion = 10.0;
					};
				};
			};
			buildConfigurationList = AA7DDBE92182377D006E1EC0 /* Build configuration list for PBXProject "Sprite" */;
			compatibilityVersion = "Xcode 9.3";
			developmentRegion = en;
			hasScannedForEncodings = 0;
			knownRegions = (
				en,
				Base,
			);
			mainGroup = AA7DDBE52182377D006E1EC0;
			productRefGroup = AA7DDBEF2182377D006E1EC0 /* Products */;
			projectDirPath = "";
			projectRoot = "";
			targets = (
				AA7DDBED2182377D006E1EC0 /* Sprite */,
			);
		};
/* End PBXProject section */

/* Begin PBXResourcesBuildPhase section */
		AA7DDBEC2182377D006E1EC0 /* Resources */ = {
			isa = PBXResourcesBuildPhase;
			buildActionMask = 2147483647;
			files = (
				AA7DDBF52182377E006E1EC0 /* Assets.xcassets in Resources */,
			);
			runOnlyForDeploymentPostprocessing = 0;
		};
/* End PBXResourcesBuildPhase section */

/* Begin PBXSourcesBuildPhase section */
		AA7DDBEA2182377D006E1EC0 /* Sources */ = {
			isa = PBXSourcesBuildPhase;
			buildActionMask = 2147483647;
			files = (
				AA7DDC3B2183C89F006E1EC0 /* Vector4.cpp in Sources */,
				AA7DDC4121877900006E1EC0 /* PolygonRenderer.cpp in Sources */,
				AA7DDC4421877BFC006E1EC0 /* GLPolygonRenderer.cpp in Sources */,
				AA7DDC3E21875815006E1EC0 /* Color.cpp in Sources */,
				AA7DDC1D218263EB006E1EC0 /* main.mm in Sources */,
				AA7DDC3421838BE3006E1EC0 /* GLVideo.cpp in Sources */,
				AA7DDC1B21825D52006E1EC0 /* Vector2.cpp in Sources */,
				AA7DDC4A2187B760006E1EC0 /* GLShader.cpp in Sources */,
				AA7DDC472187B572006E1EC0 /* Shader.cpp in Sources */,
				AA7DDC2C21838653006E1EC0 /* Video.cpp in Sources */,
				AA7DDC3821839FA2006E1EC0 /* Vector3.cpp in Sources */,
				AA7DDC3021838738006E1EC0 /* SDLVideo.cpp in Sources */,
			);
			runOnlyForDeploymentPostprocessing = 0;
		};
/* End PBXSourcesBuildPhase section */

/* Begin XCBuildConfiguration section */
		AA7DDBFD2182377E006E1EC0 /* Debug */ = {
			isa = XCBuildConfiguration;
			buildSettings = {
				ALWAYS_SEARCH_USER_PATHS = NO;
				CLANG_ANALYZER_NONNULL = YES;
				CLANG_ANALYZER_NUMBER_OBJECT_CONVERSION = YES_AGGRESSIVE;
				CLANG_CXX_LANGUAGE_STANDARD = "gnu++14";
				CLANG_CXX_LIBRARY = "libc++";
				CLANG_ENABLE_MODULES = YES;
				CLANG_ENABLE_OBJC_ARC = YES;
				CLANG_ENABLE_OBJC_WEAK = YES;
				CLANG_WARN_BLOCK_CAPTURE_AUTORELEASING = YES;
				CLANG_WARN_BOOL_CONVERSION = YES;
				CLANG_WARN_COMMA = YES;
				CLANG_WARN_CONSTANT_CONVERSION = YES;
				CLANG_WARN_DEPRECATED_OBJC_IMPLEMENTATIONS = YES;
				CLANG_WARN_DIRECT_OBJC_ISA_USAGE = YES_ERROR;
				CLANG_WARN_DOCUMENTATION_COMMENTS = YES;
				CLANG_WARN_EMPTY_BODY = YES;
				CLANG_WARN_ENUM_CONVERSION = YES;
				CLANG_WARN_INFINITE_RECURSION = YES;
				CLANG_WARN_INT_CONVERSION = YES;
				CLANG_WARN_NON_LITERAL_NULL_CONVERSION = YES;
				CLANG_WARN_OBJC_IMPLICIT_RETAIN_SELF = YES;
				CLANG_WARN_OBJC_LITERAL_CONVERSION = YES;
				CLANG_WARN_OBJC_ROOT_CLASS = YES_ERROR;
				CLANG_WARN_RANGE_LOOP_ANALYSIS = YES;
				CLANG_WARN_STRICT_PROTOTYPES = YES;
				CLANG_WARN_SUSPICIOUS_MOVE = YES;
				CLANG_WARN_UNGUARDED_AVAILABILITY = YES_AGGRESSIVE;
				CLANG_WARN_UNREACHABLE_CODE = YES;
				CLANG_WARN__DUPLICATE_METHOD_MATCH = YES;
				CODE_SIGN_IDENTITY = "-";
				COPY_PHASE_STRIP = NO;
				DEBUG_INFORMATION_FORMAT = dwarf;
				ENABLE_STRICT_OBJC_MSGSEND = YES;
				ENABLE_TESTABILITY = YES;
				GCC_C_LANGUAGE_STANDARD = gnu11;
				GCC_DYNAMIC_NO_PIC = NO;
				GCC_NO_COMMON_BLOCKS = YES;
				GCC_OPTIMIZATION_LEVEL = 0;
				GCC_PREPROCESSOR_DEFINITIONS = (
					"DEBUG=1",
					"$(inherited)",
				);
				GCC_WARN_64_TO_32_BIT_CONVERSION = YES;
				GCC_WARN_ABOUT_RETURN_TYPE = YES_ERROR;
				GCC_WARN_UNDECLARED_SELECTOR = YES;
				GCC_WARN_UNINITIALIZED_AUTOS = YES_AGGRESSIVE;
				GCC_WARN_UNUSED_FUNCTION = YES;
				GCC_WARN_UNUSED_VARIABLE = YES;
				MACOSX_DEPLOYMENT_TARGET = 10.14;
				MTL_ENABLE_DEBUG_INFO = INCLUDE_SOURCE;
				MTL_FAST_MATH = YES;
				ONLY_ACTIVE_ARCH = YES;
				SDKROOT = macosx;
			};
			name = Debug;
		};
		AA7DDBFE2182377E006E1EC0 /* Release */ = {
			isa = XCBuildConfiguration;
			buildSettings = {
				ALWAYS_SEARCH_USER_PATHS = NO;
				CLANG_ANALYZER_NONNULL = YES;
				CLANG_ANALYZER_NUMBER_OBJECT_CONVERSION = YES_AGGRESSIVE;
				CLANG_CXX_LANGUAGE_STANDARD = "gnu++14";
				CLANG_CXX_LIBRARY = "libc++";
				CLANG_ENABLE_MODULES = YES;
				CLANG_ENABLE_OBJC_ARC = YES;
				CLANG_ENABLE_OBJC_WEAK = YES;
				CLANG_WARN_BLOCK_CAPTURE_AUTORELEASING = YES;
				CLANG_WARN_BOOL_CONVERSION = YES;
				CLANG_WARN_COMMA = YES;
				CLANG_WARN_CONSTANT_CONVERSION = YES;
				CLANG_WARN_DEPRECATED_OBJC_IMPLEMENTATIONS = YES;
				CLANG_WARN_DIRECT_OBJC_ISA_USAGE = YES_ERROR;
				CLANG_WARN_DOCUMENTATION_COMMENTS = YES;
				CLANG_WARN_EMPTY_BODY = YES;
				CLANG_WARN_ENUM_CONVERSION = YES;
				CLANG_WARN_INFINITE_RECURSION = YES;
				CLANG_WARN_INT_CONVERSION = YES;
				CLANG_WARN_NON_LITERAL_NULL_CONVERSION = YES;
				CLANG_WARN_OBJC_IMPLICIT_RETAIN_SELF = YES;
				CLANG_WARN_OBJC_LITERAL_CONVERSION = YES;
				CLANG_WARN_OBJC_ROOT_CLASS = YES_ERROR;
				CLANG_WARN_RANGE_LOOP_ANALYSIS = YES;
				CLANG_WARN_STRICT_PROTOTYPES = YES;
				CLANG_WARN_SUSPICIOUS_MOVE = YES;
				CLANG_WARN_UNGUARDED_AVAILABILITY = YES_AGGRESSIVE;
				CLANG_WARN_UNREACHABLE_CODE = YES;
				CLANG_WARN__DUPLICATE_METHOD_MATCH = YES;
				CODE_SIGN_IDENTITY = "-";
				COPY_PHASE_STRIP = NO;
				DEBUG_INFORMATION_FORMAT = "dwarf-with-dsym";
				ENABLE_NS_ASSERTIONS = NO;
				ENABLE_STRICT_OBJC_MSGSEND = YES;
				GCC_C_LANGUAGE_STANDARD = gnu11;
				GCC_NO_COMMON_BLOCKS = YES;
				GCC_WARN_64_TO_32_BIT_CONVERSION = YES;
				GCC_WARN_ABOUT_RETURN_TYPE = YES_ERROR;
				GCC_WARN_UNDECLARED_SELECTOR = YES;
				GCC_WARN_UNINITIALIZED_AUTOS = YES_AGGRESSIVE;
				GCC_WARN_UNUSED_FUNCTION = YES;
				GCC_WARN_UNUSED_VARIABLE = YES;
				MACOSX_DEPLOYMENT_TARGET = 10.14;
				MTL_ENABLE_DEBUG_INFO = NO;
				MTL_FAST_MATH = YES;
				SDKROOT = macosx;
			};
			name = Release;
		};
		AA7DDC002182377E006E1EC0 /* Debug */ = {
			isa = XCBuildConfiguration;
			buildSettings = {
				ASSETCATALOG_COMPILER_APPICON_NAME = AppIcon;
				CODE_SIGN_ENTITLEMENTS = Sprite/Sprite.entitlements;
				CODE_SIGN_STYLE = Automatic;
				COMBINE_HIDPI_IMAGES = YES;
				FRAMEWORK_SEARCH_PATHS = (
					"$(inherited)",
					"$(PROJECT_DIR)",
				);
				INFOPLIST_FILE = Sprite/Info.plist;
				LD_RUNPATH_SEARCH_PATHS = (
					"$(inherited)",
					"@executable_path/../Frameworks",
				);
				PRODUCT_BUNDLE_IDENTIFIER = com.asanteegames.Sprite;
				PRODUCT_NAME = "$(TARGET_NAME)";
			};
			name = Debug;
		};
		AA7DDC012182377E006E1EC0 /* Release */ = {
			isa = XCBuildConfiguration;
			buildSettings = {
				ASSETCATALOG_COMPILER_APPICON_NAME = AppIcon;
				CODE_SIGN_ENTITLEMENTS = Sprite/Sprite.entitlements;
				CODE_SIGN_STYLE = Automatic;
				COMBINE_HIDPI_IMAGES = YES;
				FRAMEWORK_SEARCH_PATHS = (
					"$(inherited)",
					"$(PROJECT_DIR)",
				);
				INFOPLIST_FILE = Sprite/Info.plist;
				LD_RUNPATH_SEARCH_PATHS = (
					"$(inherited)",
					"@executable_path/../Frameworks",
				);
				PRODUCT_BUNDLE_IDENTIFIER = com.asanteegames.Sprite;
				PRODUCT_NAME = "$(TARGET_NAME)";
			};
			name = Release;
		};
/* End XCBuildConfiguration section */

/* Begin XCConfigurationList section */
		AA7DDBE92182377D006E1EC0 /* Build configuration list for PBXProject "Sprite" */ = {
			isa = XCConfigurationList;
			buildConfigurations = (
				AA7DDBFD2182377E006E1EC0 /* Debug */,
				AA7DDBFE2182377E006E1EC0 /* Release */,
			);
			defaultConfigurationIsVisible = 0;
			defaultConfigurationName = Release;
		};
		AA7DDBFF2182377E006E1EC0 /* Build configuration list for PBXNativeTarget "Sprite" */ = {
			isa = XCConfigurationList;
			buildConfigurations = (
				AA7DDC002182377E006E1EC0 /* Debug */,
				AA7DDC012182377E006E1EC0 /* Release */,
			);
			defaultConfigurationIsVisible = 0;
			defaultConfigurationName = Release;
		};
/* End XCConfigurationList section */
	};
	rootObject = AA7DDBE62182377D006E1EC0 /* Project object */;
}
